
Microsoft Visual Studio Solution File, Format Version 12.00
# Visual Studio 2013
VisualStudioVersion = 12.0.40629.0
MinimumVisualStudioVersion = 10.0.40219.1
Project("{FAE04EC0-301F-11D3-BF4B-00C04F79EFBC}") = "EPi.Libraries.GoogleAnalyticsTracker.Mvc4", "EPi.Libraries.GoogleAnalyticsTracker.MVC4\EPi.Libraries.GoogleAnalyticsTracker.Mvc4.csproj", "{259EE252-1A6A-4BF3-AFF5-CC2D0568AB29}"
EndProject
Project("{FAE04EC0-301F-11D3-BF4B-00C04F79EFBC}") = "EPi.Libraries.GoogleAnalyticsTracker.Core", "EPi.Libraries.GoogleAnalyticsTracker.Core\EPi.Libraries.GoogleAnalyticsTracker.Core.csproj", "{626CBD01-B1C0-4E58-A819-88F622F254E4}"
EndProject
Project("{FAE04EC0-301F-11D3-BF4B-00C04F79EFBC}") = "EPi.Libraries.GoogleAnalyticsTracker.WebApi", "EPi.Libraries.GoogleAnalyticsTracker.WebApi\EPi.Libraries.GoogleAnalyticsTracker.WebApi.csproj", "{E315FB46-C4E5-4BA6-8A9D-7D18C6593193}"
EndProject
Project("{2150E333-8FDC-42A3-9474-1A3956D46DE8}") = "Solution Files", "Solution Files", "{0CC457E8-8A1B-4B42-BA2C-1D27F71BA3FC}"
	ProjectSection(SolutionItems) = preProject
		LICENSE = LICENSE
		README.md = README.md
	EndProjectSection
EndProject
Global
	GlobalSection(SolutionConfigurationPlatforms) = preSolution
		Debug|Any CPU = Debug|Any CPU
		Release|Any CPU = Release|Any CPU
	EndGlobalSection
	GlobalSection(ProjectConfigurationPlatforms) = postSolution
		{259EE252-1A6A-4BF3-AFF5-CC2D0568AB29}.Debug|Any CPU.ActiveCfg = Debug|Any CPU
		{259EE252-1A6A-4BF3-AFF5-CC2D0568AB29}.Debug|Any CPU.Build.0 = Debug|Any CPU
		{259EE252-1A6A-4BF3-AFF5-CC2D0568AB29}.Release|Any CPU.ActiveCfg = Release|Any CPU
		{259EE252-1A6A-4BF3-AFF5-CC2D0568AB29}.Release|Any CPU.Build.0 = Release|Any CPU
		{626CBD01-B1C0-4E58-A819-88F622F254E4}.Debug|Any CPU.ActiveCfg = Debug|Any CPU
		{626CBD01-B1C0-4E58-A819-88F622F254E4}.Debug|Any CPU.Build.0 = Debug|Any CPU
		{626CBD01-B1C0-4E58-A819-88F622F254E4}.Release|Any CPU.ActiveCfg = Release|Any CPU
		{626CBD01-B1C0-4E58-A819-88F622F254E4}.Release|Any CPU.Build.0 = Release|Any CPU
		{E315FB46-C4E5-4BA6-8A9D-7D18C6593193}.Debug|Any CPU.ActiveCfg = Debug|Any CPU
		{E315FB46-C4E5-4BA6-8A9D-7D18C6593193}.Debug|Any CPU.Build.0 = Debug|Any CPU
		{E315FB46-C4E5-4BA6-8A9D-7D18C6593193}.Release|Any CPU.ActiveCfg = Release|Any CPU
		{E315FB46-C4E5-4BA6-8A9D-7D18C6593193}.Release|Any CPU.Build.0 = Release|Any CPU
	EndGlobalSection
	GlobalSection(SolutionProperties) = preSolution
		HideSolutionNode = FALSE
	EndGlobalSection
EndGlobal
