
Microsoft Visual Studio Solution File, Format Version 12.00
# Visual Studio 2013
VisualStudioVersion = 12.0.40629.0
MinimumVisualStudioVersion = 10.0.40219.1
Project("{FAE04EC0-301F-11D3-BF4B-00C04F79EFBC}") = "EPi.Libraries.GoogleAnalyticsTracker.Mvc4", "EPi.Libraries.GoogleAnalyticsTracker.MVC4\EPi.Libraries.GoogleAnalyticsTracker.Mvc4.csproj", "{259EE252-1A6A-4BF3-AFF5-CC2D0568AB29}"
EndProject
Project("{FAE04EC0-301F-11D3-BF4B-00C04F79EFBC}") = "EPi.Libraries.GoogleAnalyticsTracker.Core", "EPi.Libraries.GoogleAnalyticsTracker.Core\EPi.Libraries.GoogleAnalyticsTracker.Core.csproj", "{626CBD01-B1C0-4E58-A819-88F622F254E4}"
EndProject
Global
	GlobalSection(SolutionConfigurationPlatforms) = preSolution
		Debug|Any CPU = Debug|Any CPU
		Release|Any CPU = Release|Any CPU
	EndGlobalSection
	GlobalSection(ProjectConfigurationPlatforms) = postSolution
		{259EE252-1A6A-4BF3-AFF5-CC2D0568AB29}.Debug|Any CPU.ActiveCfg = Debug|Any CPU
		{259EE252-1A6A-4BF3-AFF5-CC2D0568AB29}.Debug|Any CPU.Build.0 = Debug|Any CPU
		{259EE252-1A6A-4BF3-AFF5-CC2D0568AB29}.Release|Any CPU.ActiveCfg = Release|Any CPU
		{259EE252-1A6A-4BF3-AFF5-CC2D0568AB29}.Release|Any CPU.Build.0 = Release|Any CPU
		{626CBD01-B1C0-4E58-A819-88F622F254E4}.Debug|Any CPU.ActiveCfg = Debug|Any CPU
		{626CBD01-B1C0-4E58-A819-88F622F254E4}.Debug|Any CPU.Build.0 = Debug|Any CPU
		{626CBD01-B1C0-4E58-A819-88F622F254E4}.Release|Any CPU.ActiveCfg = Release|Any CPU
		{626CBD01-B1C0-4E58-A819-88F622F254E4}.Release|Any CPU.Build.0 = Release|Any CPU
	EndGlobalSection
	GlobalSection(SolutionProperties) = preSolution
		HideSolutionNode = FALSE
	EndGlobalSection
EndGlobal
